
Microsoft Visual Studio Solution File, Format Version 12.00
# Visual Studio Version 17
VisualStudioVersion = 17.7.34024.191
MinimumVisualStudioVersion = 10.0.40219.1
Project("{FAE04EC0-301F-11D3-BF4B-00C04F79EFBC}") = "CSharp_Calculator", "CSharp_Calculator\CSharp_Calculator.csproj", "{3EAC5F96-A53C-4DA0-B150-DCFC85D6F405}"
EndProject
Project("{FAE04EC0-301F-11D3-BF4B-00C04F79EFBC}") = "CalculatorLibrary", "CalculatorLibrary\CalculatorLibrary.csproj", "{0E321BB7-B380-4309-AF98-83B490534F2E}"
EndProject
Global
	GlobalSection(SolutionConfigurationPlatforms) = preSolution
		Debug|Any CPU = Debug|Any CPU
		Release|Any CPU = Release|Any CPU
	EndGlobalSection
	GlobalSection(ProjectConfigurationPlatforms) = postSolution
		{3EAC5F96-A53C-4DA0-B150-DCFC85D6F405}.Debug|Any CPU.ActiveCfg = Debug|Any CPU
		{3EAC5F96-A53C-4DA0-B150-DCFC85D6F405}.Debug|Any CPU.Build.0 = Debug|Any CPU
		{3EAC5F96-A53C-4DA0-B150-DCFC85D6F405}.Release|Any CPU.ActiveCfg = Release|Any CPU
		{3EAC5F96-A53C-4DA0-B150-DCFC85D6F405}.Release|Any CPU.Build.0 = Release|Any CPU
		{0E321BB7-B380-4309-AF98-83B490534F2E}.Debug|Any CPU.ActiveCfg = Debug|Any CPU
		{0E321BB7-B380-4309-AF98-83B490534F2E}.Debug|Any CPU.Build.0 = Debug|Any CPU
		{0E321BB7-B380-4309-AF98-83B490534F2E}.Release|Any CPU.ActiveCfg = Release|Any CPU
		{0E321BB7-B380-4309-AF98-83B490534F2E}.Release|Any CPU.Build.0 = Release|Any CPU
	EndGlobalSection
	GlobalSection(SolutionProperties) = preSolution
		HideSolutionNode = FALSE
	EndGlobalSection
	GlobalSection(ExtensibilityGlobals) = postSolution
		SolutionGuid = {E66F80BB-96F0-449F-BF41-41DDE32E4666}
	EndGlobalSection
EndGlobal
